
Microsoft Visual Studio Solution File, Format Version 12.00
# Visual Studio Version 16
VisualStudioVersion = 16.0.32413.511
MinimumVisualStudioVersion = 10.0.40219.1
Project("{FAE04EC0-301F-11D3-BF4B-00C04F79EFBC}") = "Kafka.Producer.API", "Kafka.Producer.API\Kafka.Producer.API.csproj", "{66858FCA-E284-49C7-BE2E-201E919850B7}"
EndProject
Project("{FAE04EC0-301F-11D3-BF4B-00C04F79EFBC}") = "Kafka.Consumer.Handler", "Kafka.Consumer.Handler\Kafka.Consumer.Handler.csproj", "{DD4A624D-D92D-4316-A1BF-2DA31888CFF3}"
EndProject
Global
	GlobalSection(SolutionConfigurationPlatforms) = preSolution
		Debug|Any CPU = Debug|Any CPU
		Release|Any CPU = Release|Any CPU
	EndGlobalSection
	GlobalSection(ProjectConfigurationPlatforms) = postSolution
		{66858FCA-E284-49C7-BE2E-201E919850B7}.Debug|Any CPU.ActiveCfg = Debug|Any CPU
		{66858FCA-E284-49C7-BE2E-201E919850B7}.Debug|Any CPU.Build.0 = Debug|Any CPU
		{66858FCA-E284-49C7-BE2E-201E919850B7}.Release|Any CPU.ActiveCfg = Release|Any CPU
		{66858FCA-E284-49C7-BE2E-201E919850B7}.Release|Any CPU.Build.0 = Release|Any CPU
		{DD4A624D-D92D-4316-A1BF-2DA31888CFF3}.Debug|Any CPU.ActiveCfg = Debug|Any CPU
		{DD4A624D-D92D-4316-A1BF-2DA31888CFF3}.Debug|Any CPU.Build.0 = Debug|Any CPU
		{DD4A624D-D92D-4316-A1BF-2DA31888CFF3}.Release|Any CPU.ActiveCfg = Release|Any CPU
		{DD4A624D-D92D-4316-A1BF-2DA31888CFF3}.Release|Any CPU.Build.0 = Release|Any CPU
	EndGlobalSection
	GlobalSection(SolutionProperties) = preSolution
		HideSolutionNode = FALSE
	EndGlobalSection
	GlobalSection(ExtensibilityGlobals) = postSolution
		SolutionGuid = {8C23CE6D-1798-433C-847B-1659D16865CA}
	EndGlobalSection
EndGlobal
